{
  "object": {
    "pins": [
      {
        "package": "LGHUIKit",
        "repositoryURL": "https://github.com/Lguanghui/LGHUIKit",
        "state": {
          "branch": "master",
          "revision": "254bdb74b738ff6865c43df458185011ab2b0e53",
          "version": null
        }
      },
      {
        "package": "SnapKit",
        "repositoryURL": "https://github.com/SnapKit/SnapKit.git",
        "state": {
          "branch": null,
          "revision": "d458564516e5676af9c70b4f4b2a9178294f1bc6",
          "version": "5.0.1"
        }
      }
    ]
  },
  "version": 1
}
